
Microsoft Visual Studio Solution File, Format Version 12.00
# Visual Studio 14
VisualStudioVersion = 14.0.23107.0
MinimumVisualStudioVersion = 10.0.40219.1
Project("{FAE04EC0-301F-11D3-BF4B-00C04F79EFBC}") = "cs", "ds.csharp\cs.csproj", "{37438670-6AC8-4C61-9D6E-EB78B4ADFA7A}"
EndProject
Project("{2150E333-8FDC-42A3-9474-1A3956D46DE8}") = "Solution Items", "Solution Items", "{B1D987DE-BA84-40BE-B2FA-9FD87BC69C8E}"
	ProjectSection(SolutionItems) = preProject
		DataStructures.txt = DataStructures.txt
	EndProjectSection
EndProject
Global
	GlobalSection(SolutionConfigurationPlatforms) = preSolution
		Debug|Any CPU = Debug|Any CPU
		Release|Any CPU = Release|Any CPU
	EndGlobalSection
	GlobalSection(ProjectConfigurationPlatforms) = postSolution
		{37438670-6AC8-4C61-9D6E-EB78B4ADFA7A}.Debug|Any CPU.ActiveCfg = Debug|Any CPU
		{37438670-6AC8-4C61-9D6E-EB78B4ADFA7A}.Debug|Any CPU.Build.0 = Debug|Any CPU
		{37438670-6AC8-4C61-9D6E-EB78B4ADFA7A}.Release|Any CPU.ActiveCfg = Release|Any CPU
		{37438670-6AC8-4C61-9D6E-EB78B4ADFA7A}.Release|Any CPU.Build.0 = Release|Any CPU
	EndGlobalSection
	GlobalSection(SolutionProperties) = preSolution
		HideSolutionNode = FALSE
	EndGlobalSection
EndGlobal
